PODS:
  - AFNetworking (4.0.1):
    - AFNetworking/NSURLSession (= 4.0.1)
    - AFNetworking/Reachability (= 4.0.1)
    - AFNetworking/Security (= 4.0.1)
    - AFNetworking/Serialization (= 4.0.1)
    - AFNetworking/UIKit (= 4.0.1)
  - AFNetworking/NSURLSession (4.0.1):
    - AFNetworking/Reachability
    - AFNetworking/Security
    - AFNetworking/Serialization
  - AFNetworking/Reachability (4.0.1)
  - AFNetworking/Security (4.0.1)
  - AFNetworking/Serialization (4.0.1)
  - Canary/Core (0.4.0):
    - AFNetworking
    - CocoaLumberjack
    - MJExtension
    - SAMKeychain (~> 1.5)
    - SocketRocket (~> 0.5)
  - Canary/Swift (0.4.0):
    - AFNetworking
    - Canary/Core
    - CocoaLumberjack/Swift
    - MJExtension
    - SAMKeychain (~> 1.5)
    - SnapKit
    - SocketRocket (~> 0.5)
    - SwifterSwift
    - SwiftyJSON
  - CocoaLumberjack (3.7.0):
    - CocoaLumberjack/Core (= 3.7.0)
  - CocoaLumberjack/Core (3.7.0)
  - CocoaLumberjack/Swift (3.7.0):
    - CocoaLumberjack/Core
  - MJExtension (3.2.2)
  - SAMKeychain (1.5.3)
  - SnapKit (4.2.0)
  - SocketRocket (0.5.1)
  - SwifterSwift (5.1.0):
    - SwifterSwift/AppKit (= 5.1.0)
    - SwifterSwift/CoreGraphics (= 5.1.0)
    - SwifterSwift/CoreLocation (= 5.1.0)
    - SwifterSwift/Dispatch (= 5.1.0)
    - SwifterSwift/Foundation (= 5.1.0)
    - SwifterSwift/MapKit (= 5.1.0)
    - SwifterSwift/SceneKit (= 5.1.0)
    - SwifterSwift/SpriteKit (= 5.1.0)
    - SwifterSwift/SwiftStdlib (= 5.1.0)
    - SwifterSwift/UIKit (= 5.1.0)
  - SwifterSwift/AppKit (5.1.0)
  - SwifterSwift/CoreGraphics (5.1.0)
  - SwifterSwift/CoreLocation (5.1.0)
  - SwifterSwift/Dispatch (5.1.0)
  - SwifterSwift/Foundation (5.1.0)
  - SwifterSwift/MapKit (5.1.0)
  - SwifterSwift/SceneKit (5.1.0)
  - SwifterSwift/SpriteKit (5.1.0)
  - SwifterSwift/SwiftStdlib (5.1.0)
  - SwifterSwift/UIKit (5.1.0)
  - SwiftyJSON (5.0.0)

DEPENDENCIES:
  - Canary/Swift (from `../`)

SPEC REPOS:
  trunk:
    - AFNetworking
    - CocoaLumberjack
    - MJExtension
    - SAMKeychain
    - SnapKit
    - SocketRocket
    - SwifterSwift
    - SwiftyJSON

EXTERNAL SOURCES:
  Canary:
    :path: "../"

SPEC CHECKSUMS:
  AFNetworking: 7864c38297c79aaca1500c33288e429c3451fdce
  Canary: e6b6993ddaad186291fbbbb136b9a9c4ec569e5b
  CocoaLumberjack: e8955b9d337ac307103b0a34fd141c32f27e53c5
  MJExtension: d9b9c74cbdeb724c1e9ecbb157b318276e62e876
  SAMKeychain: 483e1c9f32984d50ca961e26818a534283b4cd5c
  SnapKit: fe8a619752f3f27075cc9a90244d75c6c3f27e2a
  SocketRocket: d57c7159b83c3c6655745cd15302aa24b6bae531
  SwifterSwift: a9e8e144832638c2850b43da5feaf9598c6ad65b
  SwiftyJSON: 36413e04c44ee145039d332b4f4e2d3e8d6c4db7

PODFILE CHECKSUM: 58c6ab4273e8961e3d71efa2772f01b491aa61f1

COCOAPODS: 1.10.0
